
Microsoft Visual Studio Solution File, Format Version 12.00
# Visual Studio Version 17
VisualStudioVersion = 17.9.34723.18
MinimumVisualStudioVersion = 10.0.40219.1
Project("{FAE04EC0-301F-11D3-BF4B-00C04F79EFBC}") = "HomeworkWorkingWithFiles", "HomeworkWorkingWithFiles\HomeworkWorkingWithFiles.csproj", "{20FF9D87-D60F-4FFA-B749-BCE65103EF1C}"
EndProject
Global
	GlobalSection(SolutionConfigurationPlatforms) = preSolution
		Debug|Any CPU = Debug|Any CPU
		Release|Any CPU = Release|Any CPU
	EndGlobalSection
	GlobalSection(ProjectConfigurationPlatforms) = postSolution
		{20FF9D87-D60F-4FFA-B749-BCE65103EF1C}.Debug|Any CPU.ActiveCfg = Debug|Any CPU
		{20FF9D87-D60F-4FFA-B749-BCE65103EF1C}.Debug|Any CPU.Build.0 = Debug|Any CPU
		{20FF9D87-D60F-4FFA-B749-BCE65103EF1C}.Release|Any CPU.ActiveCfg = Release|Any CPU
		{20FF9D87-D60F-4FFA-B749-BCE65103EF1C}.Release|Any CPU.Build.0 = Release|Any CPU
	EndGlobalSection
	GlobalSection(SolutionProperties) = preSolution
		HideSolutionNode = FALSE
	EndGlobalSection
	GlobalSection(ExtensibilityGlobals) = postSolution
		SolutionGuid = {6BE9E07A-B15F-4A8B-92BE-5B11DBC0D599}
	EndGlobalSection
EndGlobal
