
Microsoft Visual Studio Solution File, Format Version 12.00
# Visual Studio Version 17
VisualStudioVersion = 17.9.34723.18
MinimumVisualStudioVersion = 10.0.40219.1
Project("{FAE04EC0-301F-11D3-BF4B-00C04F79EFBC}") = "Task 1", "Task 1\Task 1.csproj", "{270101B2-A67B-439C-9118-E7EFB8D6C30F}"
EndProject
Global
	GlobalSection(SolutionConfigurationPlatforms) = preSolution
		Debug|Any CPU = Debug|Any CPU
		Release|Any CPU = Release|Any CPU
	EndGlobalSection
	GlobalSection(ProjectConfigurationPlatforms) = postSolution
		{270101B2-A67B-439C-9118-E7EFB8D6C30F}.Debug|Any CPU.ActiveCfg = Debug|Any CPU
		{270101B2-A67B-439C-9118-E7EFB8D6C30F}.Debug|Any CPU.Build.0 = Debug|Any CPU
		{270101B2-A67B-439C-9118-E7EFB8D6C30F}.Release|Any CPU.ActiveCfg = Release|Any CPU
		{270101B2-A67B-439C-9118-E7EFB8D6C30F}.Release|Any CPU.Build.0 = Release|Any CPU
	EndGlobalSection
	GlobalSection(SolutionProperties) = preSolution
		HideSolutionNode = FALSE
	EndGlobalSection
	GlobalSection(ExtensibilityGlobals) = postSolution
		SolutionGuid = {082030B5-B61C-4C36-8D5E-3F81264F6EF1}
	EndGlobalSection
EndGlobal
