
Microsoft Visual Studio Solution File, Format Version 12.00
# Visual Studio Version 17
VisualStudioVersion = 17.9.34723.18
MinimumVisualStudioVersion = 10.0.40219.1
Project("{FAE04EC0-301F-11D3-BF4B-00C04F79EFBC}") = "SumOfEven", "SumOfEven\SumOfEven.csproj", "{494FD8CE-9490-469F-AE9A-ABD7E54EFD62}"
EndProject
Global
	GlobalSection(SolutionConfigurationPlatforms) = preSolution
		Debug|Any CPU = Debug|Any CPU
		Release|Any CPU = Release|Any CPU
	EndGlobalSection
	GlobalSection(ProjectConfigurationPlatforms) = postSolution
		{494FD8CE-9490-469F-AE9A-ABD7E54EFD62}.Debug|Any CPU.ActiveCfg = Debug|Any CPU
		{494FD8CE-9490-469F-AE9A-ABD7E54EFD62}.Debug|Any CPU.Build.0 = Debug|Any CPU
		{494FD8CE-9490-469F-AE9A-ABD7E54EFD62}.Release|Any CPU.ActiveCfg = Release|Any CPU
		{494FD8CE-9490-469F-AE9A-ABD7E54EFD62}.Release|Any CPU.Build.0 = Release|Any CPU
	EndGlobalSection
	GlobalSection(SolutionProperties) = preSolution
		HideSolutionNode = FALSE
	EndGlobalSection
	GlobalSection(ExtensibilityGlobals) = postSolution
		SolutionGuid = {EAEECC28-3E02-476E-B540-7B5F177AEFFC}
	EndGlobalSection
EndGlobal
