
Microsoft Visual Studio Solution File, Format Version 12.00
# Visual Studio Version 17
VisualStudioVersion = 17.9.34723.18
MinimumVisualStudioVersion = 10.0.40219.1
Project("{FAE04EC0-301F-11D3-BF4B-00C04F79EFBC}") = "Task 3", "Task 3\Task 3.csproj", "{FE9ECD88-C543-4F20-8C92-080B011548B5}"
EndProject
Global
	GlobalSection(SolutionConfigurationPlatforms) = preSolution
		Debug|Any CPU = Debug|Any CPU
		Release|Any CPU = Release|Any CPU
	EndGlobalSection
	GlobalSection(ProjectConfigurationPlatforms) = postSolution
		{FE9ECD88-C543-4F20-8C92-080B011548B5}.Debug|Any CPU.ActiveCfg = Debug|Any CPU
		{FE9ECD88-C543-4F20-8C92-080B011548B5}.Debug|Any CPU.Build.0 = Debug|Any CPU
		{FE9ECD88-C543-4F20-8C92-080B011548B5}.Release|Any CPU.ActiveCfg = Release|Any CPU
		{FE9ECD88-C543-4F20-8C92-080B011548B5}.Release|Any CPU.Build.0 = Release|Any CPU
	EndGlobalSection
	GlobalSection(SolutionProperties) = preSolution
		HideSolutionNode = FALSE
	EndGlobalSection
	GlobalSection(ExtensibilityGlobals) = postSolution
		SolutionGuid = {DBCB2E7C-E00E-4A64-ADEE-3713A758EBC2}
	EndGlobalSection
EndGlobal
